{
  "name": "rrda",
  "version": "1.0.0",
  "lockfileVersion": 1,
  "requires": true,
  "dependencies": {
    "@types/estree": {
      "version": "0.0.39",
      "resolved": "https://registry.npmjs.org/@types/estree/-/estree-0.0.39.tgz",
      "integrity": "sha512-EYNwp3bU+98cpU4lAWYYL7Zz+2gryWH1qbdDTidVd6hkiR6weksdbMadyXKXNPEkQFhXM+hVO9ZygomHXp+AIw==",
      "dev": true
    },
    "@types/node": {
      "version": "11.10.5",
      "resolved": "https://registry.npmjs.org/@types/node/-/node-11.10.5.tgz",
      "integrity": "sha512-DuIRlQbX4K+d5I+GMnv+UfnGh+ist0RdlvOp+JZ7ePJ6KQONCFQv/gKYSU1ZzbVdFSUCKZOltjmpFAGGv5MdYA==",
      "dev": true
    },
    "acorn": {
      "version": "6.1.1",
      "resolved": "https://registry.npmjs.org/acorn/-/acorn-6.1.1.tgz",
      "integrity": "sha512-jPTiwtOxaHNaAPg/dmrJ/beuzLRnXtB0kQPQ8JpotKJgTB6rX6c8mlf315941pyjBSaPg8NHXS9fhP4u17DpGA==",
      "dev": true
    },
    "bindings": {
      "version": "1.5.0",
      "resolved": "https://registry.npmjs.org/bindings/-/bindings-1.5.0.tgz",
      "integrity": "sha512-p2q/t/mhvuOj/UeLlV6566GD/guowlr0hHxClI0W9m7MWYkL1F0hLo+0Aexs9HSPCtR1SXQ0TD3MMKrXZajbiQ==",
      "requires": {
        "file-uri-to-path": "1.0.0"
      }
    },
    "epoll": {
      "version": "2.0.10",
      "resolved": "https://registry.npmjs.org/epoll/-/epoll-2.0.10.tgz",
      "integrity": "sha512-kx5y1SxivN99HjXDZpE/A73FHJV/dzRQt+qoF88CEza3RcEKGqNfkXPPY/oqVBV5w6G2N6b8xd5s5zprgrUVnQ==",
      "requires": {
        "bindings": "^1.5.0",
        "nan": "^2.14.0"
      }
    },
    "file-uri-to-path": {
      "version": "1.0.0",
      "resolved": "https://registry.npmjs.org/file-uri-to-path/-/file-uri-to-path-1.0.0.tgz",
      "integrity": "sha512-0Zt+s3L7Vf1biwWZ29aARiVYLx7iMGnEUl9x33fbB/j3jR81u/O2LbqK+Bm1CDSNDKVtJ/YjwY7TUd5SkeLQLw=="
    },
    "lodash.debounce": {
      "version": "4.0.8",
      "resolved": "https://registry.npmjs.org/lodash.debounce/-/lodash.debounce-4.0.8.tgz",
      "integrity": "sha1-gteb/zCmfEAF/9XiUVMArZyk168="
    },
    "nan": {
      "version": "2.15.0",
      "resolved": "https://registry.npmjs.org/nan/-/nan-2.15.0.tgz",
      "integrity": "sha512-8ZtvEnA2c5aYCZYd1cvgdnU6cqwixRoYg70xPLWUws5ORTa/lnw+u4amixRS/Ac5U5mQVgp9pnlSUnbNWFaWZQ=="
    },
    "onoff": {
      "version": "4.1.4",
      "resolved": "https://registry.npmjs.org/onoff/-/onoff-4.1.4.tgz",
      "integrity": "sha512-donHmh40cVZuU4CKp6vTWi0y2QK7OXiOlMSeqXPV+iWi0EqLOV5ld0qVVO0rp7/f9GAeX21LgrOBfT2Bk2RVvQ==",
      "requires": {
        "epoll": "^2.0.10",
        "lodash.debounce": "^4.0.8"
      }
    },
    "rollup": {
      "version": "1.5.0",
      "resolved": "https://registry.npmjs.org/rollup/-/rollup-1.5.0.tgz",
      "integrity": "sha512-xs32mjZhXmUPL+1u300YKFoN/Oqa0VoOkVu/5/bf2n60NpHgoO2L1mevuZg4ltkjrcO2dUfaTvCZzD3BPuAyQQ==",
      "dev": true,
      "requires": {
        "@types/estree": "0.0.39",
        "@types/node": "11.10.5",
        "acorn": "6.1.1"
      }
    }
  }
}
